github.com/RoaringBitmap/roaring/v2 v2.27.0 h1:rTzs+cuH9YBj6j4L9GF2DcK2NmOfdUvLI+ZFhyLy8g8=
github.com/RoaringBitmap/roaring/v2 v2.27.0/go.mod h1:BZufmFbox589n3j5eOmyTaLSGXbRLc2LmQvjKjzSEGU=
github.com/bits-and-blooms/bitset v1.24.6 h1:qcrftZUVBIwfs+m+nhoCBAPT+ZPZZjti8SbHbDQQkZ4=
github.com/bits-and-blooms/bitset v1.24.6/go.mod h1:7hO7Gc7Pp1vODcmWvKMRA9BNmbv6a/7QIWpPxHddWR8=
github.com/crediterra/money v0.4.0 h1:HYnNINcEweVcpyxU7SFWK3jRnyCYCXtUuVJ8mc/QKOs=
github.com/crediterra/money v0.4.0/go.mod h1:v1LjiUrGIVmK0L070iz4ghVDhqVGiyd9vNX0XJOLGak=
github.com/dal-go/dalgo v0.79.4 h1:gP+s77B8OWKhLN733O9g0QK2XB1tgePfnQYo3qtYGPQ=
github.com/dal-go/dalgo v0.79.4/go.mod h1:t7F7LJGIHd4DOtQ0pJiGdGdznaqM70lfS9PVG9iSZOU=
github.com/dal-go/record v0.1.3 h1:K85k/kSX08lTefMiMmPpC12nmCY2TVJk7+ZyC5PD9XU=
github.com/dal-go/record v0.1.3/go.mod h1:quwsVJTT0f6y3Mhx+yHpTobY7luX1M6kyO6fdJ/AFYE=
github.com/mschoch/smat v0.2.0 h1:8imxQsjDm8yFEAVBe7azKmKSgzSkZXDuKkSq9374khM=
github.com/mschoch/smat v0.2.0/go.mod h1:kc9mz7DoBKqDyiRL7VZN8KvXQMWeTaVnttLRXOlotKw=
github.com/sneat-co/sneat-go-core v0.68.0 h1:n94hYJxl3XPFdmjpar1bx7UsQyCQluCpjYWQL5K1x8o=
github.com/sneat-co/sneat-go-core v0.68.0/go.mod h1:GPwMYQudxpBkeOn5ccCXobsMKRsd6EADNfxFez1/oO8=
github.com/stretchr/testify v1.12.1 h1:EuwCh5fleGS7H32xRwO3wRGT7DxrDhLAT6FF8MpWDWE=
github.com/stretchr/testify v1.12.1/go.mod h1:MDEgiDPPsNp5cuIrHPPCyornHKgEVbtFUmoNlxoYthg=
github.com/strongo/decimal v0.1.2 h1:/LHdX9zJTUPpEM2cuQhnwCWNWLCUwG0BJMyOetpryY8=
github.com/strongo/decimal v0.1.2/go.mod h1:uKFgetJbR2uT026stdbK54ELXTH9h0vZOPPOp7DAODk=
github.com/strongo/random v0.0.1 h1:OZHJBb/3uEa7OX8L2Dv2pLnSeewRmXMyTACoeto6O8I=
github.com/strongo/random v0.0.1/go.mod h1:/pSI+SjBNLBkjljNtVdYr6ERddA+LqSa87o0/s+9iuU=
github.com/strongo/validation v0.0.13 h1:EgRfP5XBZSVoiOd4805OGCOVqZndeqFONpSmdSerEE8=
github.com/strongo/validation v0.0.13/go.mod h1:EY+//fgQhn6rr0rOvWRJuUCTSk5BIETZL2bL9CIDhbs=
go.uber.org/mock v0.6.0 h1:hyF9dfmbgIX5EfOdasqLsWD6xqpNZlXblLB/Dbnwv3Y=
go.uber.org/mock v0.6.0/go.mod h1:KiVJ4BqZJaMj4svdfmHM0AUx4NJYO8ZNpPnZn1Z+BBU=
go.yaml.in/yaml/v3 v3.0.5 h1:N6y/pJk8buWs9NY5ERU2HSMfm+IuD/OtfdAnq6kESPw=
go.yaml.in/yaml/v3 v3.0.5/go.mod h1:HVTZu1O7/Vkt2N+BFy8Zza+lnLsABggaTM2ZpNIGuKg=
golang.org/x/sys v0.30.0 h1:QjkSwP/36a20jFYWkSue1YwXzLmsV5Gfq7Eiy72C1uc=
golang.org/x/sys v0.30.0/go.mod h1:/VUhepiaJMQUp4+oa/7Zr1D23ma6VTLIYjOOTFZPUcA=
